// !$*UTF8*$!
{
	archiveVersion = 1;
	classes = {
	};
	objectVersion = 46;
	objects = {

/* Begin PBXBuildFile section */
		40F4EF8A1AAB005800929FA9 /* AppDelegate.swift in Sources */ = {isa = PBXBuildFile; fileRef = 40F4EF891AAB005800929FA9 /* AppDelegate.swift */; };
		40F4EF8D1AAB005800929FA9 /* HoverBall2.xcdatamodeld in Sources */ = {isa = PBXBuildFile; fileRef = 40F4EF8B1AAB005800929FA9 /* HoverBall2.xcdatamodeld */; };
		40F4EF8F1AAB005900929FA9 /* ViewController.swift in Sources */ = {isa = PBXBuildFile; fileRef = 40F4EF8E1AAB005900929FA9 /* ViewController.swift */; };
		40F4EF921AAB005900929FA9 /* Main.storyboard in Resources */ = {isa = PBXBuildFile; fileRef = 40F4EF901AAB005900929FA9 /* Main.storyboard */; };
		40F4EF941AAB005900929FA9 /* Images.xcassets in Resources */ = {isa = PBXBuildFile; fileRef = 40F4EF931AAB005900929FA9 /* Images.xcassets */; };
		40F4EF971AAB005900929FA9 /* LaunchScreen.xib in Resources */ = {isa = PBXBuildFile; fileRef = 40F4EF951AAB005900929FA9 /* LaunchScreen.xib */; };
		40F4EFA31AAB005900929FA9 /* HoverBall2Tests.swift in Sources */ = {isa = PBXBuildFile; fileRef = 40F4EFA21AAB005900929FA9 /* HoverBall2Tests.swift */; };
		40F4EFAD1AAB007F00929FA9 /* BallScene.swift in Sources */ = {isa = PBXBuildFile; fileRef = 40F4EFAC1AAB007F00929FA9 /* BallScene.swift */; };
/* End PBXBuildFile section */

/* Begin PBXContainerItemProxy section */
		40F4EF9D1AAB005900929FA9 /* PBXContainerItemProxy */ = {
			isa = PBXContainerItemProxy;
			containerPortal = 40F4EF7C1AAB005800929FA9 /* Project object */;
			proxyType = 1;
			remoteGlobalIDString = 40F4EF831AAB005800929FA9;
			remoteInfo = HoverBall2;
		};
/* End PBXContainerItemProxy section */

/* Begin PBXFileReference section */
		40F4EF841AAB005800929FA9 /* HoverBall2.app */ = {isa = PBXFileReference; explicitFileType = wrapper.application; includeInIndex = 0; path = HoverBall2.app; sourceTree = BUILT_PRODUCTS_DIR; };
		40F4EF881AAB005800929FA9 /* Info.plist */ = {isa = PBXFileReference; lastKnownFileType = text.plist.xml; path = Info.plist; sourceTree = "<group>"; };
		40F4EF891AAB005800929FA9 /* AppDelegate.swift */ = {isa = PBXFileReference; lastKnownFileType = sourcecode.swift; path = AppDelegate.swift; sourceTree = "<group>"; };
		40F4EF8C1AAB005800929FA9 /* HoverBall2.xcdatamodel */ = {isa = PBXFileReference; lastKnownFileType = wrapper.xcdatamodel; path = HoverBall2.xcdatamodel; sourceTree = "<group>"; };
		40F4EF8E1AAB005900929FA9 /* ViewController.swift */ = {isa = PBXFileReference; lastKnownFileType = sourcecode.swift; path = ViewController.swift; sourceTree = "<group>"; };
		40F4EF911AAB005900929FA9 /* Base */ = {isa = PBXFileReference; lastKnownFileType = file.storyboard; name = Base; path = Base.lproj/Main.storyboard; sourceTree = "<group>"; };
		40F4EF931AAB005900929FA9 /* Images.xcassets */ = {isa = PBXFileReference; lastKnownFileType = folder.assetcatalog; path = Images.xcassets; sourceTree = "<group>"; };
		40F4EF961AAB005900929FA9 /* Base */ = {isa = PBXFileReference; lastKnownFileType = file.xib; name = Base; path = Base.lproj/LaunchScreen.xib; sourceTree = "<group>"; };
		40F4EF9C1AAB005900929FA9 /* HoverBall2Tests.xctest */ = {isa = PBXFileReference; explicitFileType = wrapper.cfbundle; includeInIndex = 0; path = HoverBall2Tests.xctest; sourceTree = BUILT_PRODUCTS_DIR; };
		40F4EFA11AAB005900929FA9 /* Info.plist */ = {isa = PBXFileReference; lastKnownFileType = text.plist.xml; path = Info.plist; sourceTree = "<group>"; };
		40F4EFA21AAB005900929FA9 /* HoverBall2Tests.swift */ = {isa = PBXFileReference; lastKnownFileType = sourcecode.swift; path = HoverBall2Tests.swift; sourceTree = "<group>"; };
		40F4EFAC1AAB007F00929FA9 /* BallScene.swift */ = {isa = PBXFileReference; fileEncoding = 4; lastKnownFileType = sourcecode.swift; path = BallScene.swift; sourceTree = "<group>"; };
/* End PBXFileReference section */

/* Begin PBXFrameworksBuildPhase section */
		40F4EF811AAB005800929FA9 /* Frameworks */ = {
			isa = PBXFrameworksBuildPhase;
			buildActionMask = 2147483647;
			files = (
			);
			runOnlyForDeploymentPostprocessing = 0;
		};
		40F4EF991AAB005900929FA9 /* Frameworks */ = {
			isa = PBXFrameworksBuildPhase;
			buildActionMask = 2147483647;
			files = (
			);
			runOnlyForDeploymentPostprocessing = 0;
		};
/* End PBXFrameworksBuildPhase section */

/* Begin PBXGroup section */
		40F4EF7B1AAB005800929FA9 = {
			isa = PBXGroup;
			children = (
				40F4EF861AAB005800929FA9 /* HoverBall2 */,
				40F4EF9F1AAB005900929FA9 /* HoverBall2Tests */,
				40F4EF851AAB005800929FA9 /* Products */,
			);
			sourceTree = "<group>";
		};
		40F4EF851AAB005800929FA9 /* Products */ = {
			isa = PBXGroup;
			children = (
				40F4EF841AAB005800929FA9 /* HoverBall2.app */,
				40F4EF9C1AAB005900929FA9 /* HoverBall2Tests.xctest */,
			);
			name = Products;
			sourceTree = "<group>";
		};
		40F4EF861AAB005800929FA9 /* HoverBall2 */ = {
			isa = PBXGroup;
			children = (
				40F4EF891AAB005800929FA9 /* AppDelegate.swift */,
				40F4EF8E1AAB005900929FA9 /* ViewController.swift */,
				40F4EF901AAB005900929FA9 /* Main.storyboard */,
				40F4EF931AAB005900929FA9 /* Images.xcassets */,
				40F4EF951AAB005900929FA9 /* LaunchScreen.xib */,
				40F4EF8B1AAB005800929FA9 /* HoverBall2.xcdatamodeld */,
				40F4EF871AAB005800929FA9 /* Supporting Files */,
				40F4EFAC1AAB007F00929FA9 /* BallScene.swift */,
			);
			path = HoverBall2;
			sourceTree = "<group>";
		};
		40F4EF871AAB005800929FA9 /* Supporting Files */ = {
			isa = PBXGroup;
			children = (
				40F4EF881AAB005800929FA9 /* Info.plist */,
			);
			name = "Supporting Files";
			sourceTree = "<group>";
		};
		40F4EF9F1AAB005900929FA9 /* HoverBall2Tests */ = {
			isa = PBXGroup;
			children = (
				40F4EFA21AAB005900929FA9 /* HoverBall2Tests.swift */,
				40F4EFA01AAB005900929FA9 /* Supporting Files */,
			);
			path = HoverBall2Tests;
			sourceTree = "<group>";
		};
		40F4EFA01AAB005900929FA9 /* Supporting Files */ = {
			isa = PBXGroup;
			children = (
				40F4EFA11AAB005900929FA9 /* Info.plist */,
			);
			name = "Supporting Files";
			sourceTree = "<group>";
		};
/* End PBXGroup section */

/* Begin PBXNativeTarget section */
		40F4EF831AAB005800929FA9 /* HoverBall2 */ = {
			isa = PBXNativeTarget;
			buildConfigurationList = 40F4EFA61AAB005900929FA9 /* Build configuration list for PBXNativeTarget "HoverBall2" */;
			buildPhases = (
				40F4EF801AAB005800929FA9 /* Sources */,
				40F4EF811AAB005800929FA9 /* Frameworks */,
				40F4EF821AAB005800929FA9 /* Resources */,
			);
			buildRules = (
			);
			dependencies = (
			);
			name = HoverBall2;
			productName = HoverBall2;
			productReference = 40F4EF841AAB005800929FA9 /* HoverBall2.app */;
			productType = "com.apple.product-type.application";
		};
		40F4EF9B1AAB005900929FA9 /* HoverBall2Tests */ = {
			isa = PBXNativeTarget;
			buildConfigurationList = 40F4EFA91AAB005900929FA9 /* Build configuration list for PBXNativeTarget "HoverBall2Tests" */;
			buildPhases = (
				40F4EF981AAB005900929FA9 /* Sources */,
				40F4EF991AAB005900929FA9 /* Frameworks */,
				40F4EF9A1AAB005900929FA9 /* Resources */,
			);
			buildRules = (
			);
			dependencies = (
				40F4EF9E1AAB005900929FA9 /* PBXTargetDependency */,
			);
			name = HoverBall2Tests;
			productName = HoverBall2Tests;
			productReference = 40F4EF9C1AAB005900929FA9 /* HoverBall2Tests.xctest */;
			productType = "com.apple.product-type.bundle.unit-test";
		};
/* End PBXNativeTarget section */

/* Begin PBXProject section */
		40F4EF7C1AAB005800929FA9 /* Project object */ = {
			isa = PBXProject;
			attributes = {
				LastUpgradeCheck = 0610;
				ORGANIZATIONNAME = "Simas Abramovas";
				TargetAttributes = {
					40F4EF831AAB005800929FA9 = {
						CreatedOnToolsVersion = 6.1.1;
					};
					40F4EF9B1AAB005900929FA9 = {
						CreatedOnToolsVersion = 6.1.1;
						TestTargetID = 40F4EF831AAB005800929FA9;
					};
				};
			};
			buildConfigurationList = 40F4EF7F1AAB005800929FA9 /* Build configuration list for PBXProject "HoverBall2" */;
			compatibilityVersion = "Xcode 3.2";
			developmentRegion = English;
			hasScannedForEncodings = 0;
			knownRegions = (
				en,
				Base,
			);
			mainGroup = 40F4EF7B1AAB005800929FA9;
			productRefGroup = 40F4EF851AAB005800929FA9 /* Products */;
			projectDirPath = "";
			projectRoot = "";
			targets = (
				40F4EF831AAB005800929FA9 /* HoverBall2 */,
				40F4EF9B1AAB005900929FA9 /* HoverBall2Tests */,
			);
		};
/* End PBXProject section */

/* Begin PBXResourcesBuildPhase section */
		40F4EF821AAB005800929FA9 /* Resources */ = {
			isa = PBXResourcesBuildPhase;
			buildActionMask = 2147483647;
			files = (
				40F4EF921AAB005900929FA9 /* Main.storyboard in Resources */,
				40F4EF971AAB005900929FA9 /* LaunchScreen.xib in Resources */,
				40F4EF941AAB005900929FA9 /* Images.xcassets in Resources */,
			);
			runOnlyForDeploymentPostprocessing = 0;
		};
		40F4EF9A1AAB005900929FA9 /* Resources */ = {
			isa = PBXResourcesBuildPhase;
			buildActionMask = 2147483647;
			files = (
			);
			runOnlyForDeploymentPostprocessing = 0;
		};
/* End PBXResourcesBuildPhase section */

/* Begin PBXSourcesBuildPhase section */
		40F4EF801AAB005800929FA9 /* Sources */ = {
			isa = PBXSourcesBuildPhase;
			buildActionMask = 2147483647;
			files = (
				40F4EF8F1AAB005900929FA9 /* ViewController.swift in Sources */,
				40F4EF8D1AAB005800929FA9 /* HoverBall2.xcdatamodeld in Sources */,
				40F4EF8A1AAB005800929FA9 /* AppDelegate.swift in Sources */,
				40F4EFAD1AAB007F00929FA9 /* BallScene.swift in Sources */,
			);
			runOnlyForDeploymentPostprocessing = 0;
		};
		40F4EF981AAB005900929FA9 /* Sources */ = {
			isa = PBXSourcesBuildPhase;
			buildActionMask = 2147483647;
			files = (
				40F4EFA31AAB005900929FA9 /* HoverBall2Tests.swift in Sources */,
			);
			runOnlyForDeploymentPostprocessing = 0;
		};
/* End PBXSourcesBuildPhase section */

/* Begin PBXTargetDependency section */
		40F4EF9E1AAB005900929FA9 /* PBXTargetDependency */ = {
			isa = PBXTargetDependency;
			target = 40F4EF831AAB005800929FA9 /* HoverBall2 */;
			targetProxy = 40F4EF9D1AAB005900929FA9 /* PBXContainerItemProxy */;
		};
/* End PBXTargetDependency section */

/* Begin PBXVariantGroup section */
		40F4EF901AAB005900929FA9 /* Main.storyboard */ = {
			isa = PBXVariantGroup;
			children = (
				40F4EF911AAB005900929FA9 /* Base */,
			);
			name = Main.storyboard;
			sourceTree = "<group>";
		};
		40F4EF951AAB005900929FA9 /* LaunchScreen.xib */ = {
			isa = PBXVariantGroup;
			children = (
				40F4EF961AAB005900929FA9 /* Base */,
			);
			name = LaunchScreen.xib;
			sourceTree = "<group>";
		};
/* End PBXVariantGroup section */

/* Begin XCBuildConfiguration section */
		40F4EFA41AAB005900929FA9 /* Debug */ = {
			isa = XCBuildConfiguration;
			buildSettings = {
				ALWAYS_SEARCH_USER_PATHS = NO;
				CLANG_CXX_LANGUAGE_STANDARD = "gnu++0x";
				CLANG_CXX_LIBRARY = "libc++";
				CLANG_ENABLE_MODULES = YES;
				CLANG_ENABLE_OBJC_ARC = YES;
				CLANG_WARN_BOOL_CONVERSION = YES;
				CLANG_WARN_CONSTANT_CONVERSION = YES;
				CLANG_WARN_DIRECT_OBJC_ISA_USAGE = YES_ERROR;
				CLANG_WARN_EMPTY_BODY = YES;
				CLANG_WARN_ENUM_CONVERSION = YES;
				CLANG_WARN_INT_CONVERSION = YES;
				CLANG_WARN_OBJC_ROOT_CLASS = YES_ERROR;
				CLANG_WARN_UNREACHABLE_CODE = YES;
				CLANG_WARN__DUPLICATE_METHOD_MATCH = YES;
				"CODE_SIGN_IDENTITY[sdk=iphoneos*]" = "iPhone Developer";
				COPY_PHASE_STRIP = NO;
				ENABLE_STRICT_OBJC_MSGSEND = YES;
				GCC_C_LANGUAGE_STANDARD = gnu99;
				GCC_DYNAMIC_NO_PIC = NO;
				GCC_OPTIMIZATION_LEVEL = 0;
				GCC_PREPROCESSOR_DEFINITIONS = (
					"DEBUG=1",
					"$(inherited)",
				);
				GCC_SYMBOLS_PRIVATE_EXTERN = NO;
				GCC_WARN_64_TO_32_BIT_CONVERSION = YES;
				GCC_WARN_ABOUT_RETURN_TYPE = YES_ERROR;
				GCC_WARN_UNDECLARED_SELECTOR = YES;
				GCC_WARN_UNINITIALIZED_AUTOS = YES_AGGRESSIVE;
				GCC_WARN_UNUSED_FUNCTION = YES;
				GCC_WARN_UNUSED_VARIABLE = YES;
				IPHONEOS_DEPLOYMENT_TARGET = 8.1;
				MTL_ENABLE_DEBUG_INFO = YES;
				ONLY_ACTIVE_ARCH = YES;
				SDKROOT = iphoneos;
				SWIFT_OPTIMIZATION_LEVEL = "-Onone";
				TARGETED_DEVICE_FAMILY = "1,2";
			};
			name = Debug;
		};
		40F4EFA51AAB005900929FA9 /* Release */ = {
			isa = XCBuildConfiguration;
			buildSettings = {
				ALWAYS_SEARCH_USER_PATHS = NO;
				CLANG_CXX_LANGUAGE_STANDARD = "gnu++0x";
				CLANG_CXX_LIBRARY = "libc++";
				CLANG_ENABLE_MODULES = YES;
				CLANG_ENABLE_OBJC_ARC = YES;
				CLANG_WARN_BOOL_CONVERSION = YES;
				CLANG_WARN_CONSTANT_CONVERSION = YES;
				CLANG_WARN_DIRECT_OBJC_ISA_USAGE = YES_ERROR;
				CLANG_WARN_EMPTY_BODY = YES;
				CLANG_WARN_ENUM_CONVERSION = YES;
				CLANG_WARN_INT_CONVERSION = YES;
				CLANG_WARN_OBJC_ROOT_CLASS = YES_ERROR;
				CLANG_WARN_UNREACHABLE_CODE = YES;
				CLANG_WARN__DUPLICATE_METHOD_MATCH = YES;
				"CODE_SIGN_IDENTITY[sdk=iphoneos*]" = "iPhone Developer";
				COPY_PHASE_STRIP = YES;
				ENABLE_NS_ASSERTIONS = NO;
				ENABLE_STRICT_OBJC_MSGSEND = YES;
				GCC_C_LANGUAGE_STANDARD = gnu99;
				GCC_WARN_64_TO_32_BIT_CONVERSION = YES;
				GCC_WARN_ABOUT_RETURN_TYPE = YES_ERROR;
				GCC_WARN_UNDECLARED_SELECTOR = YES;
				GCC_WARN_UNINITIALIZED_AUTOS = YES_AGGRESSIVE;
				GCC_WARN_UNUSED_FUNCTION = YES;
				GCC_WARN_UNUSED_VARIABLE = YES;
				IPHONEOS_DEPLOYMENT_TARGET = 8.1;
				MTL_ENABLE_DEBUG_INFO = NO;
				SDKROOT = iphoneos;
				TARGETED_DEVICE_FAMILY = "1,2";
				VALIDATE_PRODUCT = YES;
			};
			name = Release;
		};
		40F4EFA71AAB005900929FA9 /* Debug */ = {
			isa = XCBuildConfiguration;
			buildSettings = {
				ASSETCATALOG_COMPILER_APPICON_NAME = AppIcon;
				INFOPLIST_FILE = HoverBall2/Info.plist;
				LD_RUNPATH_SEARCH_PATHS = "$(inherited) @executable_path/Frameworks";
				PRODUCT_NAME = "$(TARGET_NAME)";
			};
			name = Debug;
		};
		40F4EFA81AAB005900929FA9 /* Release */ = {
			isa = XCBuildConfiguration;
			buildSettings = {
				ASSETCATALOG_COMPILER_APPICON_NAME = AppIcon;
				INFOPLIST_FILE = HoverBall2/Info.plist;
				LD_RUNPATH_SEARCH_PATHS = "$(inherited) @executable_path/Frameworks";
				PRODUCT_NAME = "$(TARGET_NAME)";
			};
			name = Release;
		};
		40F4EFAA1AAB005900929FA9 /* Debug */ = {
			isa = XCBuildConfiguration;
			buildSettings = {
				BUNDLE_LOADER = "$(TEST_HOST)";
				FRAMEWORK_SEARCH_PATHS = (
					"$(SDKROOT)/Developer/Library/Frameworks",
					"$(inherited)",
				);
				GCC_PREPROCESSOR_DEFINITIONS = (
					"DEBUG=1",
					"$(inherited)",
				);
				INFOPLIST_FILE = HoverBall2Tests/Info.plist;
				LD_RUNPATH_SEARCH_PATHS = "$(inherited) @executable_path/Frameworks @loader_path/Frameworks";
				PRODUCT_NAME = "$(TARGET_NAME)";
				TEST_HOST = "$(BUILT_PRODUCTS_DIR)/HoverBall2.app/HoverBall2";
			};
			name = Debug;
		};
		40F4EFAB1AAB005900929FA9 /* Release */ = {
			isa = XCBuildConfiguration;
			buildSettings = {
				BUNDLE_LOADER = "$(TEST_HOST)";
				FRAMEWORK_SEARCH_PATHS = (
					"$(SDKROOT)/Developer/Library/Frameworks",
					"$(inherited)",
				);
				INFOPLIST_FILE = HoverBall2Tests/Info.plist;
				LD_RUNPATH_SEARCH_PATHS = "$(inherited) @executable_path/Frameworks @loader_path/Frameworks";
				PRODUCT_NAME = "$(TARGET_NAME)";
				TEST_HOST = "$(BUILT_PRODUCTS_DIR)/HoverBall2.app/HoverBall2";
			};
			name = Release;
		};
/* End XCBuildConfiguration section */

/* Begin XCConfigurationList section */
		40F4EF7F1AAB005800929FA9 /* Build configuration list for PBXProject "HoverBall2" */ = {
			isa = XCConfigurationList;
			buildConfigurations = (
				40F4EFA41AAB005900929FA9 /* Debug */,
				40F4EFA51AAB005900929FA9 /* Release */,
			);
			defaultConfigurationIsVisible = 0;
			defaultConfigurationName = Release;
		};
		40F4EFA61AAB005900929FA9 /* Build configuration list for PBXNativeTarget "HoverBall2" */ = {
			isa = XCConfigurationList;
			buildConfigurations = (
				40F4EFA71AAB005900929FA9 /* Debug */,
				40F4EFA81AAB005900929FA9 /* Release */,
			);
			defaultConfigurationIsVisible = 0;
			defaultConfigurationName = Release;
		};
		40F4EFA91AAB005900929FA9 /* Build configuration list for PBXNativeTarget "HoverBall2Tests" */ = {
			isa = XCConfigurationList;
			buildConfigurations = (
				40F4EFAA1AAB005900929FA9 /* Debug */,
				40F4EFAB1AAB005900929FA9 /* Release */,
			);
			defaultConfigurationIsVisible = 0;
			defaultConfigurationName = Release;
		};
/* End XCConfigurationList section */

/* Begin XCVersionGroup section */
		40F4EF8B1AAB005800929FA9 /* HoverBall2.xcdatamodeld */ = {
			isa = XCVersionGroup;
			children = (
				40F4EF8C1AAB005800929FA9 /* HoverBall2.xcdatamodel */,
			);
			currentVersion = 40F4EF8C1AAB005800929FA9 /* HoverBall2.xcdatamodel */;
			path = HoverBall2.xcdatamodeld;
			sourceTree = "<group>";
			versionGroupType = wrapper.xcdatamodel;
		};
/* End XCVersionGroup section */
	};
	rootObject = 40F4EF7C1AAB005800929FA9 /* Project object */;
}
